
Microsoft Visual Studio Solution File, Format Version 12.00
# Visual Studio Version 17
VisualStudioVersion = 17.2.32602.215
MinimumVisualStudioVersion = 10.0.40219.1
Project("{9A19103F-16F7-4668-BE54-9A1E7A4F7556}") = "TaskManager.IntegrationTests", "..\TaskManager.IntegrationTest\TaskManager.IntegrationTests.csproj", "{BF7B7949-15CB-4BE1-B0F6-6B1920D1508E}"
EndProject
Project("{9A19103F-16F7-4668-BE54-9A1E7A4F7556}") = "TaskManager.Api", "..\TaskManager.Api\TaskManager.Api.csproj", "{94F0C81C-BEA3-4E50-9B9D-B10E2AE5779B}"
EndProject
Project("{9A19103F-16F7-4668-BE54-9A1E7A4F7556}") = "Hashing", "..\Hashing\Hashing.csproj", "{D9E1859E-D9F3-4D1B-BB9D-FB34D1B5C68A}"
EndProject
Global
	GlobalSection(SolutionConfigurationPlatforms) = preSolution
		Debug|Any CPU = Debug|Any CPU
		Release|Any CPU = Release|Any CPU
	EndGlobalSection
	GlobalSection(ProjectConfigurationPlatforms) = postSolution
		{BF7B7949-15CB-4BE1-B0F6-6B1920D1508E}.Debug|Any CPU.ActiveCfg = Debug|Any CPU
		{BF7B7949-15CB-4BE1-B0F6-6B1920D1508E}.Debug|Any CPU.Build.0 = Debug|Any CPU
		{BF7B7949-15CB-4BE1-B0F6-6B1920D1508E}.Release|Any CPU.ActiveCfg = Release|Any CPU
		{BF7B7949-15CB-4BE1-B0F6-6B1920D1508E}.Release|Any CPU.Build.0 = Release|Any CPU
		{94F0C81C-BEA3-4E50-9B9D-B10E2AE5779B}.Debug|Any CPU.ActiveCfg = Debug|Any CPU
		{94F0C81C-BEA3-4E50-9B9D-B10E2AE5779B}.Debug|Any CPU.Build.0 = Debug|Any CPU
		{94F0C81C-BEA3-4E50-9B9D-B10E2AE5779B}.Release|Any CPU.ActiveCfg = Release|Any CPU
		{94F0C81C-BEA3-4E50-9B9D-B10E2AE5779B}.Release|Any CPU.Build.0 = Release|Any CPU
		{D9E1859E-D9F3-4D1B-BB9D-FB34D1B5C68A}.Debug|Any CPU.ActiveCfg = Debug|Any CPU
		{D9E1859E-D9F3-4D1B-BB9D-FB34D1B5C68A}.Debug|Any CPU.Build.0 = Debug|Any CPU
		{D9E1859E-D9F3-4D1B-BB9D-FB34D1B5C68A}.Release|Any CPU.ActiveCfg = Release|Any CPU
		{D9E1859E-D9F3-4D1B-BB9D-FB34D1B5C68A}.Release|Any CPU.Build.0 = Release|Any CPU
	EndGlobalSection
	GlobalSection(SolutionProperties) = preSolution
		HideSolutionNode = FALSE
	EndGlobalSection
	GlobalSection(ExtensibilityGlobals) = postSolution
		SolutionGuid = {AC823154-99C8-40C1-BA90-D43D6A2568AB}
	EndGlobalSection
EndGlobal
